{
  "version": "4",
  "specifiers": {
    "jsr:@std/assert@1": "1.0.6",
    "jsr:@std/internal@^1.0.4": "1.0.4",
    "npm:shpjs@^6.1.0": "6.1.0"
  },
  "jsr": {
    "@std/assert@1.0.6": {
      "integrity": "1904c05806a25d94fe791d6d883b685c9e2dcd60e4f9fc30f4fc5cf010c72207",
      "dependencies": [
        "jsr:@std/internal"
      ]
    },
    "@std/internal@1.0.4": {
      "integrity": "62e8e4911527e5e4f307741a795c0b0a9e6958d0b3790716ae71ce085f755422"
    }
  },
  "npm": {
    "but-unzip@0.1.4": {
      "integrity": "sha512-Q5/55MTk0PHjxtYyZBbhIVMJP0+FNc/AOKBrrnqaxnbJR4I7w+R4CMRNYMxUQrKmCLrih7D1p4/nwZHMn7IToA=="
    },
    "mgrs@1.0.0": {
      "integrity": "sha512-awNbTOqCxK1DBGjalK3xqWIstBZgN6fxsMSiXLs9/spqWkF2pAhb2rrYCFSsr1/tT7PhcDGjZndG8SWYn0byYA=="
    },
    "parsedbf@2.0.0": {
      "integrity": "sha512-WNjKn/cwgGBkXqQLif+2VMEahcRHkBRU0/RfBWZ7Vj7snRNNW63yW1mVuuHRDyXTRxuGCzAHHBcr/Fn+U/bXjQ=="
    },
    "proj4@2.12.1": {
      "integrity": "sha512-vmhP3hmstjXjzFwg8QXJwpoj4n7GVrXk3ZW3DzNK/Ur4cuwXq7ZiMXaWYvLYLQbX8n4MXgbwTr4lthOUZltBpA==",
      "dependencies": [
        "mgrs",
        "wkt-parser"
      ]
    },
    "shpjs@6.1.0": {
      "integrity": "sha512-uaUpod7uIWetJK80yiiedZ3x4z9ZAPgDVT89N27+8F97Z8ZOqmu88P96I6CBC8N+YyERqdneZNT/wNFUEnzNpw==",
      "dependencies": [
        "but-unzip",
        "parsedbf",
        "proj4"
      ]
    },
    "wkt-parser@1.3.3": {
      "integrity": "sha512-ZnV3yH8/k58ZPACOXeiHaMuXIiaTk1t0hSUVisbO0t4RjA5wPpUytcxeyiN2h+LZRrmuHIh/1UlrR9e7DHDvTw=="
    }
  },
  "workspace": {
    "dependencies": [
      "jsr:@std/assert@1",
      "npm:shpjs@^6.1.0"
    ]
  }
}
